
Microsoft Visual Studio Solution File, Format Version 12.00
# Visual Studio Version 17
VisualStudioVersion = 17.3.32929.385
MinimumVisualStudioVersion = 10.0.40219.1
Project("{8BC9CEB8-8B4A-11D0-8D11-00A0C91BC942}") = "OpenGL", "OpenGL\OpenGL.vcxproj", "{10945F30-90EE-408F-B19A-01F98C504A58}"
EndProject
Project("{8BC9CEB8-8B4A-11D0-8D11-00A0C91BC942}") = "SPHsolver2D", "SPHsolver2D\SPHsolver2D.vcxproj", "{65180964-BC1F-476A-88F1-FD17E38778BC}"
EndProject
Project("{8BC9CEB8-8B4A-11D0-8D11-00A0C91BC942}") = "SPH", "SPH\SPH.vcxproj", "{BCC48D8A-FAB5-4787-96C8-F87C6C1713AF}"
EndProject
Global
	GlobalSection(SolutionConfigurationPlatforms) = preSolution
		Debug|x64 = Debug|x64
		Debug|x86 = Debug|x86
		Release|x64 = Release|x64
		Release|x86 = Release|x86
	EndGlobalSection
	GlobalSection(ProjectConfigurationPlatforms) = postSolution
		{10945F30-90EE-408F-B19A-01F98C504A58}.Debug|x64.ActiveCfg = Debug|x64
		{10945F30-90EE-408F-B19A-01F98C504A58}.Debug|x64.Build.0 = Debug|x64
		{10945F30-90EE-408F-B19A-01F98C504A58}.Debug|x86.ActiveCfg = Debug|Win32
		{10945F30-90EE-408F-B19A-01F98C504A58}.Debug|x86.Build.0 = Debug|Win32
		{10945F30-90EE-408F-B19A-01F98C504A58}.Release|x64.ActiveCfg = Release|x64
		{10945F30-90EE-408F-B19A-01F98C504A58}.Release|x64.Build.0 = Release|x64
		{10945F30-90EE-408F-B19A-01F98C504A58}.Release|x86.ActiveCfg = Release|Win32
		{10945F30-90EE-408F-B19A-01F98C504A58}.Release|x86.Build.0 = Release|Win32
		{65180964-BC1F-476A-88F1-FD17E38778BC}.Debug|x64.ActiveCfg = Debug|x64
		{65180964-BC1F-476A-88F1-FD17E38778BC}.Debug|x64.Build.0 = Debug|x64
		{65180964-BC1F-476A-88F1-FD17E38778BC}.Debug|x86.ActiveCfg = Debug|Win32
		{65180964-BC1F-476A-88F1-FD17E38778BC}.Debug|x86.Build.0 = Debug|Win32
		{65180964-BC1F-476A-88F1-FD17E38778BC}.Release|x64.ActiveCfg = Release|x64
		{65180964-BC1F-476A-88F1-FD17E38778BC}.Release|x64.Build.0 = Release|x64
		{65180964-BC1F-476A-88F1-FD17E38778BC}.Release|x86.ActiveCfg = Release|Win32
		{65180964-BC1F-476A-88F1-FD17E38778BC}.Release|x86.Build.0 = Release|Win32
		{BCC48D8A-FAB5-4787-96C8-F87C6C1713AF}.Debug|x64.ActiveCfg = Debug|x64
		{BCC48D8A-FAB5-4787-96C8-F87C6C1713AF}.Debug|x64.Build.0 = Debug|x64
		{BCC48D8A-FAB5-4787-96C8-F87C6C1713AF}.Debug|x86.ActiveCfg = Debug|Win32
		{BCC48D8A-FAB5-4787-96C8-F87C6C1713AF}.Debug|x86.Build.0 = Debug|Win32
		{BCC48D8A-FAB5-4787-96C8-F87C6C1713AF}.Release|x64.ActiveCfg = Release|x64
		{BCC48D8A-FAB5-4787-96C8-F87C6C1713AF}.Release|x64.Build.0 = Release|x64
		{BCC48D8A-FAB5-4787-96C8-F87C6C1713AF}.Release|x86.ActiveCfg = Release|Win32
		{BCC48D8A-FAB5-4787-96C8-F87C6C1713AF}.Release|x86.Build.0 = Release|Win32
	EndGlobalSection
	GlobalSection(SolutionProperties) = preSolution
		HideSolutionNode = FALSE
	EndGlobalSection
	GlobalSection(ExtensibilityGlobals) = postSolution
		SolutionGuid = {60438217-B38E-4BA1-8BD5-A6E55A5AC45D}
	EndGlobalSection
EndGlobal
